
Microsoft Visual Studio Solution File, Format Version 12.00
# Blend for Visual Studio 15
VisualStudioVersion = 15.0.27428.2015
MinimumVisualStudioVersion = 10.0.40219.1
Project("{FAE04EC0-301F-11D3-BF4B-00C04F79EFBC}") = "Z-Notepad", "Z-Notepad\Z-Notepad.csproj", "{1C308260-F12A-4117-9F50-4DA82A330AA0}"
EndProject
Global
	GlobalSection(SolutionConfigurationPlatforms) = preSolution
		Debug|Any CPU = Debug|Any CPU
		Release|Any CPU = Release|Any CPU
	EndGlobalSection
	GlobalSection(ProjectConfigurationPlatforms) = postSolution
		{1C308260-F12A-4117-9F50-4DA82A330AA0}.Debug|Any CPU.ActiveCfg = Debug|Any CPU
		{1C308260-F12A-4117-9F50-4DA82A330AA0}.Debug|Any CPU.Build.0 = Debug|Any CPU
		{1C308260-F12A-4117-9F50-4DA82A330AA0}.Release|Any CPU.ActiveCfg = Release|Any CPU
		{1C308260-F12A-4117-9F50-4DA82A330AA0}.Release|Any CPU.Build.0 = Release|Any CPU
	EndGlobalSection
	GlobalSection(SolutionProperties) = preSolution
		HideSolutionNode = FALSE
	EndGlobalSection
	GlobalSection(ExtensibilityGlobals) = postSolution
		SolutionGuid = {901F203B-4293-4E52-9D3E-4F3CA33C67CC}
	EndGlobalSection
EndGlobal
